
Microsoft Visual Studio Solution File, Format Version 12.00
# Visual Studio Version 16
VisualStudioVersion = 16.0.810.21
MinimumVisualStudioVersion = 10.0.40219.1
Project("{FAE04EC0-301F-11D3-BF4B-00C04F79EFBC}") = "ParksAPI", "ParksAPI\ParksAPI.csproj", "{9EA9AD77-BB64-4850-98BF-D14D5885591A}"
EndProject
Project("{FAE04EC0-301F-11D3-BF4B-00C04F79EFBC}") = "Adventures", "Adventures\Adventures.csproj", "{BA066AAD-03EE-4F1B-B8D8-2E26B6AFD565}"
EndProject
Global
	GlobalSection(SolutionConfigurationPlatforms) = preSolution
		Debug|Any CPU = Debug|Any CPU
		Release|Any CPU = Release|Any CPU
	EndGlobalSection
	GlobalSection(ProjectConfigurationPlatforms) = postSolution
		{9EA9AD77-BB64-4850-98BF-D14D5885591A}.Debug|Any CPU.ActiveCfg = Debug|Any CPU
		{9EA9AD77-BB64-4850-98BF-D14D5885591A}.Debug|Any CPU.Build.0 = Debug|Any CPU
		{9EA9AD77-BB64-4850-98BF-D14D5885591A}.Release|Any CPU.ActiveCfg = Release|Any CPU
		{9EA9AD77-BB64-4850-98BF-D14D5885591A}.Release|Any CPU.Build.0 = Release|Any CPU
		{BA066AAD-03EE-4F1B-B8D8-2E26B6AFD565}.Debug|Any CPU.ActiveCfg = Debug|Any CPU
		{BA066AAD-03EE-4F1B-B8D8-2E26B6AFD565}.Debug|Any CPU.Build.0 = Debug|Any CPU
		{BA066AAD-03EE-4F1B-B8D8-2E26B6AFD565}.Release|Any CPU.ActiveCfg = Release|Any CPU
		{BA066AAD-03EE-4F1B-B8D8-2E26B6AFD565}.Release|Any CPU.Build.0 = Release|Any CPU
	EndGlobalSection
	GlobalSection(SolutionProperties) = preSolution
		HideSolutionNode = FALSE
	EndGlobalSection
	GlobalSection(ExtensibilityGlobals) = postSolution
		SolutionGuid = {731EC4E7-10C5-47AE-AACB-C7FCE1A0FF5F}
	EndGlobalSection
EndGlobal
